
Microsoft Visual Studio Solution File, Format Version 12.00
# Visual Studio 14
VisualStudioVersion = 14.0.25420.1
MinimumVisualStudioVersion = 10.0.40219.1
Project("{FAE04EC0-301F-11D3-BF4B-00C04F79EFBC}") = "Katas", "Katas\Katas.csproj", "{75D7C7E7-E119-4902-ACB6-BEF7481193EB}"
EndProject
Project("{FAE04EC0-301F-11D3-BF4B-00C04F79EFBC}") = "KatasTests", "KatasTests\KatasTests.csproj", "{B61CAC71-EAEC-41F8-B863-68D519A3B807}"
EndProject
Global
	GlobalSection(SolutionConfigurationPlatforms) = preSolution
		Debug|Any CPU = Debug|Any CPU
		Release|Any CPU = Release|Any CPU
	EndGlobalSection
	GlobalSection(ProjectConfigurationPlatforms) = postSolution
		{75D7C7E7-E119-4902-ACB6-BEF7481193EB}.Debug|Any CPU.ActiveCfg = Debug|Any CPU
		{75D7C7E7-E119-4902-ACB6-BEF7481193EB}.Debug|Any CPU.Build.0 = Debug|Any CPU
		{75D7C7E7-E119-4902-ACB6-BEF7481193EB}.Release|Any CPU.ActiveCfg = Release|Any CPU
		{75D7C7E7-E119-4902-ACB6-BEF7481193EB}.Release|Any CPU.Build.0 = Release|Any CPU
		{B61CAC71-EAEC-41F8-B863-68D519A3B807}.Debug|Any CPU.ActiveCfg = Debug|Any CPU
		{B61CAC71-EAEC-41F8-B863-68D519A3B807}.Debug|Any CPU.Build.0 = Debug|Any CPU
		{B61CAC71-EAEC-41F8-B863-68D519A3B807}.Release|Any CPU.ActiveCfg = Release|Any CPU
		{B61CAC71-EAEC-41F8-B863-68D519A3B807}.Release|Any CPU.Build.0 = Release|Any CPU
	EndGlobalSection
	GlobalSection(SolutionProperties) = preSolution
		HideSolutionNode = FALSE
	EndGlobalSection
EndGlobal
